
Microsoft Visual Studio Solution File, Format Version 12.00
# Visual Studio 2012
Project("{FAE04EC0-301F-11D3-BF4B-00C04F79EFBC}") = "SignalR.Client.TypedHubProxy", "SignalR.Client.TypedHubProxy\SignalR.Client.TypedHubProxy.csproj", "{8B6EA8A1-62B7-49BB-88BA-865B3D7AA370}"
EndProject
Global
	GlobalSection(SolutionConfigurationPlatforms) = preSolution
		Debug|Any CPU = Debug|Any CPU
		Release|Any CPU = Release|Any CPU
	EndGlobalSection
	GlobalSection(ProjectConfigurationPlatforms) = postSolution
		{8B6EA8A1-62B7-49BB-88BA-865B3D7AA370}.Debug|Any CPU.ActiveCfg = Debug|Any CPU
		{8B6EA8A1-62B7-49BB-88BA-865B3D7AA370}.Debug|Any CPU.Build.0 = Debug|Any CPU
		{8B6EA8A1-62B7-49BB-88BA-865B3D7AA370}.Release|Any CPU.ActiveCfg = Release|Any CPU
		{8B6EA8A1-62B7-49BB-88BA-865B3D7AA370}.Release|Any CPU.Build.0 = Release|Any CPU
	EndGlobalSection
	GlobalSection(SolutionProperties) = preSolution
		HideSolutionNode = FALSE
	EndGlobalSection
EndGlobal
